
Microsoft Visual Studio Solution File, Format Version 12.00
# Visual Studio 14
VisualStudioVersion = 14.0.25420.1
MinimumVisualStudioVersion = 10.0.40219.1
Project("{FAE04EC0-301F-11D3-BF4B-00C04F79EFBC}") = "Competence", "Competence\Competence.csproj", "{EE60CD39-ABAE-4C02-B16E-BF64CA9B8998}"
EndProject
Project("{FAE04EC0-301F-11D3-BF4B-00C04F79EFBC}") = "CompetenceLibrary", "CompetenceLibrary\CompetenceLibrary.csproj", "{A105E96A-61BE-4512-BDDC-81FC8EF1135C}"
EndProject
Global
	GlobalSection(SolutionConfigurationPlatforms) = preSolution
		Debug|Any CPU = Debug|Any CPU
		Release|Any CPU = Release|Any CPU
	EndGlobalSection
	GlobalSection(ProjectConfigurationPlatforms) = postSolution
		{EE60CD39-ABAE-4C02-B16E-BF64CA9B8998}.Debug|Any CPU.ActiveCfg = Debug|Any CPU
		{EE60CD39-ABAE-4C02-B16E-BF64CA9B8998}.Debug|Any CPU.Build.0 = Debug|Any CPU
		{EE60CD39-ABAE-4C02-B16E-BF64CA9B8998}.Release|Any CPU.ActiveCfg = Release|Any CPU
		{EE60CD39-ABAE-4C02-B16E-BF64CA9B8998}.Release|Any CPU.Build.0 = Release|Any CPU
		{A105E96A-61BE-4512-BDDC-81FC8EF1135C}.Debug|Any CPU.ActiveCfg = Debug|Any CPU
		{A105E96A-61BE-4512-BDDC-81FC8EF1135C}.Debug|Any CPU.Build.0 = Debug|Any CPU
		{A105E96A-61BE-4512-BDDC-81FC8EF1135C}.Release|Any CPU.ActiveCfg = Release|Any CPU
		{A105E96A-61BE-4512-BDDC-81FC8EF1135C}.Release|Any CPU.Build.0 = Release|Any CPU
	EndGlobalSection
	GlobalSection(SolutionProperties) = preSolution
		HideSolutionNode = FALSE
	EndGlobalSection
EndGlobal
